
Microsoft Visual Studio Solution File, Format Version 12.00
# Visual Studio Version 17
VisualStudioVersion = 17.4.33213.308
MinimumVisualStudioVersion = 10.0.40219.1
Project("{9A19103F-16F7-4668-BE54-9A1E7A4F7556}") = "Backend", "Backend\Backend.csproj", "{9167B655-A25C-4C06-8B69-EE150F004D08}"
EndProject
Project("{9A19103F-16F7-4668-BE54-9A1E7A4F7556}") = "RawInput", "RawInput\RawInput.csproj", "{6BA285BE-AECA-4034-B413-056D9E3D131A}"
EndProject
Global
	GlobalSection(SolutionConfigurationPlatforms) = preSolution
		Debug|Any CPU = Debug|Any CPU
		Debug|x64 = Debug|x64
		Debug|x86 = Debug|x86
		Release|Any CPU = Release|Any CPU
		Release|x64 = Release|x64
		Release|x86 = Release|x86
	EndGlobalSection
	GlobalSection(ProjectConfigurationPlatforms) = postSolution
		{9167B655-A25C-4C06-8B69-EE150F004D08}.Debug|Any CPU.ActiveCfg = Debug|Any CPU
		{9167B655-A25C-4C06-8B69-EE150F004D08}.Debug|Any CPU.Build.0 = Debug|Any CPU
		{9167B655-A25C-4C06-8B69-EE150F004D08}.Debug|x64.ActiveCfg = Debug|Any CPU
		{9167B655-A25C-4C06-8B69-EE150F004D08}.Debug|x64.Build.0 = Debug|Any CPU
		{9167B655-A25C-4C06-8B69-EE150F004D08}.Debug|x86.ActiveCfg = Debug|Any CPU
		{9167B655-A25C-4C06-8B69-EE150F004D08}.Debug|x86.Build.0 = Debug|Any CPU
		{9167B655-A25C-4C06-8B69-EE150F004D08}.Release|Any CPU.ActiveCfg = Release|Any CPU
		{9167B655-A25C-4C06-8B69-EE150F004D08}.Release|Any CPU.Build.0 = Release|Any CPU
		{9167B655-A25C-4C06-8B69-EE150F004D08}.Release|x64.ActiveCfg = Release|Any CPU
		{9167B655-A25C-4C06-8B69-EE150F004D08}.Release|x64.Build.0 = Release|Any CPU
		{9167B655-A25C-4C06-8B69-EE150F004D08}.Release|x86.ActiveCfg = Release|Any CPU
		{9167B655-A25C-4C06-8B69-EE150F004D08}.Release|x86.Build.0 = Release|Any CPU
		{6BA285BE-AECA-4034-B413-056D9E3D131A}.Debug|Any CPU.ActiveCfg = Debug|Any CPU
		{6BA285BE-AECA-4034-B413-056D9E3D131A}.Debug|Any CPU.Build.0 = Debug|Any CPU
		{6BA285BE-AECA-4034-B413-056D9E3D131A}.Debug|x64.ActiveCfg = Debug|Any CPU
		{6BA285BE-AECA-4034-B413-056D9E3D131A}.Debug|x64.Build.0 = Debug|Any CPU
		{6BA285BE-AECA-4034-B413-056D9E3D131A}.Debug|x86.ActiveCfg = Debug|Any CPU
		{6BA285BE-AECA-4034-B413-056D9E3D131A}.Debug|x86.Build.0 = Debug|Any CPU
		{6BA285BE-AECA-4034-B413-056D9E3D131A}.Release|Any CPU.ActiveCfg = Release|Any CPU
		{6BA285BE-AECA-4034-B413-056D9E3D131A}.Release|Any CPU.Build.0 = Release|Any CPU
		{6BA285BE-AECA-4034-B413-056D9E3D131A}.Release|x64.ActiveCfg = Release|Any CPU
		{6BA285BE-AECA-4034-B413-056D9E3D131A}.Release|x64.Build.0 = Release|Any CPU
		{6BA285BE-AECA-4034-B413-056D9E3D131A}.Release|x86.ActiveCfg = Release|Any CPU
		{6BA285BE-AECA-4034-B413-056D9E3D131A}.Release|x86.Build.0 = Release|Any CPU
	EndGlobalSection
	GlobalSection(SolutionProperties) = preSolution
		HideSolutionNode = FALSE
	EndGlobalSection
	GlobalSection(ExtensibilityGlobals) = postSolution
		SolutionGuid = {E734C47E-3DF1-40A4-80DA-1BCF5D550DAC}
	EndGlobalSection
EndGlobal
